
Microsoft Visual Studio Solution File, Format Version 12.00
# Visual Studio Version 17
VisualStudioVersion = 17.6.33712.159
MinimumVisualStudioVersion = 10.0.40219.1
Project("{FAE04EC0-301F-11D3-BF4B-00C04F79EFBC}") = "Automated Activities", "Automated Activities.csproj", "{A5A33E8A-1A83-4279-B458-82BA1A9B7897}"
EndProject
Global
	GlobalSection(SolutionConfigurationPlatforms) = preSolution
		Debug|Any CPU = Debug|Any CPU
		Release|Any CPU = Release|Any CPU
	EndGlobalSection
	GlobalSection(ProjectConfigurationPlatforms) = postSolution
		{A5A33E8A-1A83-4279-B458-82BA1A9B7897}.Debug|Any CPU.ActiveCfg = Debug|Any CPU
		{A5A33E8A-1A83-4279-B458-82BA1A9B7897}.Debug|Any CPU.Build.0 = Debug|Any CPU
		{A5A33E8A-1A83-4279-B458-82BA1A9B7897}.Release|Any CPU.ActiveCfg = Release|Any CPU
		{A5A33E8A-1A83-4279-B458-82BA1A9B7897}.Release|Any CPU.Build.0 = Release|Any CPU
	EndGlobalSection
	GlobalSection(SolutionProperties) = preSolution
		HideSolutionNode = FALSE
	EndGlobalSection
	GlobalSection(ExtensibilityGlobals) = postSolution
		SolutionGuid = {CE8C2822-0AC7-4FDF-91B3-51815D7D9941}
	EndGlobalSection
EndGlobal
